// !$*UTF8*$!
{
	archiveVersion = 1;
	classes = {
	};
	objectVersion = 46;
	objects = {

/* Begin PBXBuildFile section */
		13D2AF3A5651491BB51EFF9B /* libPods-CollectionViewZoomSegueExample.a in Frameworks */ = {isa = PBXBuildFile; fileRef = 171CEAF8D5B44E1C9C0DC2CA /* libPods-CollectionViewZoomSegueExample.a */; };
		9A011C1C196002BF00971EEA /* Storyboard.storyboard in Resources */ = {isa = PBXBuildFile; fileRef = 9A011C1B196002BF00971EEA /* Storyboard.storyboard */; };
		9A011C20196004B500971EEA /* KittenCollectionViewController.m in Sources */ = {isa = PBXBuildFile; fileRef = 9A011C1F196004B500971EEA /* KittenCollectionViewController.m */; };
		9A011C23196004EC00971EEA /* KittenDetailViewController.m in Sources */ = {isa = PBXBuildFile; fileRef = 9A011C22196004EC00971EEA /* KittenDetailViewController.m */; };
		9A011C271960081E00971EEA /* KittenCell.m in Sources */ = {isa = PBXBuildFile; fileRef = 9A011C261960081E00971EEA /* KittenCell.m */; };
		9A011C2B19602C3100971EEA /* ZoomTransition.m in Sources */ = {isa = PBXBuildFile; fileRef = 9A011C2A19602C3100971EEA /* ZoomTransition.m */; };
		9A7B9C8B195FFB17007F2011 /* InfoPlist.strings in Resources */ = {isa = PBXBuildFile; fileRef = 9A7B9C89195FFB17007F2011 /* InfoPlist.strings */; };
		9A7B9C8D195FFB17007F2011 /* main.m in Sources */ = {isa = PBXBuildFile; fileRef = 9A7B9C8C195FFB17007F2011 /* main.m */; };
		9A7B9C91195FFB17007F2011 /* AppDelegate.m in Sources */ = {isa = PBXBuildFile; fileRef = 9A7B9C90195FFB17007F2011 /* AppDelegate.m */; };
		9A7B9C93195FFB17007F2011 /* Images.xcassets in Resources */ = {isa = PBXBuildFile; fileRef = 9A7B9C92195FFB17007F2011 /* Images.xcassets */; };
		9A7B9CA4195FFB17007F2011 /* InfoPlist.strings in Resources */ = {isa = PBXBuildFile; fileRef = 9A7B9CA2195FFB17007F2011 /* InfoPlist.strings */; };
/* End PBXBuildFile section */

/* Begin PBXContainerItemProxy section */
		9A7B9C9D195FFB17007F2011 /* PBXContainerItemProxy */ = {
			isa = PBXContainerItemProxy;
			containerPortal = 9A7B9C75195FFB17007F2011 /* Project object */;
			proxyType = 1;
			remoteGlobalIDString = 9A7B9C7C195FFB17007F2011;
			remoteInfo = CollectionViewZoomSegueExample;
		};
/* End PBXContainerItemProxy section */

/* Begin PBXFileReference section */
		171CEAF8D5B44E1C9C0DC2CA /* libPods-CollectionViewZoomSegueExample.a */ = {isa = PBXFileReference; explicitFileType = archive.ar; includeInIndex = 0; path = "libPods-CollectionViewZoomSegueExample.a"; sourceTree = BUILT_PRODUCTS_DIR; };
		9A011C1B196002BF00971EEA /* Storyboard.storyboard */ = {isa = PBXFileReference; fileEncoding = 4; lastKnownFileType = file.storyboard; path = Storyboard.storyboard; sourceTree = "<group>"; };
		9A011C1E196004B500971EEA /* KittenCollectionViewController.h */ = {isa = PBXFileReference; fileEncoding = 4; lastKnownFileType = sourcecode.c.h; name = KittenCollectionViewController.h; path = Controllers/KittenCollectionViewController.h; sourceTree = "<group>"; };
		9A011C1F196004B500971EEA /* KittenCollectionViewController.m */ = {isa = PBXFileReference; fileEncoding = 4; lastKnownFileType = sourcecode.c.objc; name = KittenCollectionViewController.m; path = Controllers/KittenCollectionViewController.m; sourceTree = "<group>"; };
		9A011C21196004EC00971EEA /* KittenDetailViewController.h */ = {isa = PBXFileReference; fileEncoding = 4; lastKnownFileType = sourcecode.c.h; name = KittenDetailViewController.h; path = Controllers/KittenDetailViewController.h; sourceTree = "<group>"; };
		9A011C22196004EC00971EEA /* KittenDetailViewController.m */ = {isa = PBXFileReference; fileEncoding = 4; lastKnownFileType = sourcecode.c.objc; name = KittenDetailViewController.m; path = Controllers/KittenDetailViewController.m; sourceTree = "<group>"; };
		9A011C251960081E00971EEA /* KittenCell.h */ = {isa = PBXFileReference; fileEncoding = 4; lastKnownFileType = sourcecode.c.h; name = KittenCell.h; path = Cells/KittenCell.h; sourceTree = "<group>"; };
		9A011C261960081E00971EEA /* KittenCell.m */ = {isa = PBXFileReference; fileEncoding = 4; lastKnownFileType = sourcecode.c.objc; name = KittenCell.m; path = Cells/KittenCell.m; sourceTree = "<group>"; };
		9A011C2919602C3100971EEA /* ZoomTransition.h */ = {isa = PBXFileReference; fileEncoding = 4; lastKnownFileType = sourcecode.c.h; name = ZoomTransition.h; path = ZoomTransition/ZoomTransition.h; sourceTree = "<group>"; };
		9A011C2A19602C3100971EEA /* ZoomTransition.m */ = {isa = PBXFileReference; fileEncoding = 4; lastKnownFileType = sourcecode.c.objc; name = ZoomTransition.m; path = ZoomTransition/ZoomTransition.m; sourceTree = "<group>"; };
		9A7B9C7D195FFB17007F2011 /* CollectionViewZoomSegueExample.app */ = {isa = PBXFileReference; explicitFileType = wrapper.application; includeInIndex = 0; path = CollectionViewZoomSegueExample.app; sourceTree = BUILT_PRODUCTS_DIR; };
		9A7B9C88195FFB17007F2011 /* CollectionViewZoomSegueExample-Info.plist */ = {isa = PBXFileReference; lastKnownFileType = text.plist.xml; path = "CollectionViewZoomSegueExample-Info.plist"; sourceTree = "<group>"; };
		9A7B9C8A195FFB17007F2011 /* en */ = {isa = PBXFileReference; lastKnownFileType = text.plist.strings; name = en; path = en.lproj/InfoPlist.strings; sourceTree = "<group>"; };
		9A7B9C8C195FFB17007F2011 /* main.m */ = {isa = PBXFileReference; lastKnownFileType = sourcecode.c.objc; path = main.m; sourceTree = "<group>"; };
		9A7B9C8E195FFB17007F2011 /* CollectionViewZoomSegueExample-Prefix.pch */ = {isa = PBXFileReference; lastKnownFileType = sourcecode.c.h; path = "CollectionViewZoomSegueExample-Prefix.pch"; sourceTree = "<group>"; };
		9A7B9C8F195FFB17007F2011 /* AppDelegate.h */ = {isa = PBXFileReference; lastKnownFileType = sourcecode.c.h; path = AppDelegate.h; sourceTree = "<group>"; };
		9A7B9C90195FFB17007F2011 /* AppDelegate.m */ = {isa = PBXFileReference; lastKnownFileType = sourcecode.c.objc; path = AppDelegate.m; sourceTree = "<group>"; };
		9A7B9C92195FFB17007F2011 /* Images.xcassets */ = {isa = PBXFileReference; lastKnownFileType = folder.assetcatalog; path = Images.xcassets; sourceTree = "<group>"; };
		9A7B9C98195FFB17007F2011 /* CollectionViewZoomSegueExampleTests.xctest */ = {isa = PBXFileReference; explicitFileType = wrapper.cfbundle; includeInIndex = 0; path = CollectionViewZoomSegueExampleTests.xctest; sourceTree = BUILT_PRODUCTS_DIR; };
		9A7B9CA1195FFB17007F2011 /* CollectionViewZoomSegueExampleTests-Info.plist */ = {isa = PBXFileReference; lastKnownFileType = text.plist.xml; path = "CollectionViewZoomSegueExampleTests-Info.plist"; sourceTree = "<group>"; };
		9A7B9CA3195FFB17007F2011 /* en */ = {isa = PBXFileReference; lastKnownFileType = text.plist.strings; name = en; path = en.lproj/InfoPlist.strings; sourceTree = "<group>"; };
		B1BA056B78444562AEDC8406 /* Pods-CollectionViewZoomSegueExample.xcconfig */ = {isa = PBXFileReference; includeInIndex = 1; lastKnownFileType = text.xcconfig; name = "Pods-CollectionViewZoomSegueExample.xcconfig"; path = "Pods/Pods-CollectionViewZoomSegueExample.xcconfig"; sourceTree = "<group>"; };
/* End PBXFileReference section */

/* Begin PBXFrameworksBuildPhase section */
		9A7B9C7A195FFB17007F2011 /* Frameworks */ = {
			isa = PBXFrameworksBuildPhase;
			buildActionMask = 2147483647;
			files = (
				13D2AF3A5651491BB51EFF9B /* libPods-CollectionViewZoomSegueExample.a in Frameworks */,
			);
			runOnlyForDeploymentPostprocessing = 0;
		};
		9A7B9C95195FFB17007F2011 /* Frameworks */ = {
			isa = PBXFrameworksBuildPhase;
			buildActionMask = 2147483647;
			files = (
			);
			runOnlyForDeploymentPostprocessing = 0;
		};
/* End PBXFrameworksBuildPhase section */

/* Begin PBXGroup section */
		9A011C1A196002A800971EEA /* Interface */ = {
			isa = PBXGroup;
			children = (
				9A011C1B196002BF00971EEA /* Storyboard.storyboard */,
			);
			name = Interface;
			sourceTree = "<group>";
		};
		9A011C1D1960048900971EEA /* KittenControllers */ = {
			isa = PBXGroup;
			children = (
				9A011C241960080900971EEA /* Cells */,
				9A011C1E196004B500971EEA /* KittenCollectionViewController.h */,
				9A011C1F196004B500971EEA /* KittenCollectionViewController.m */,
				9A011C21196004EC00971EEA /* KittenDetailViewController.h */,
				9A011C22196004EC00971EEA /* KittenDetailViewController.m */,
			);
			name = KittenControllers;
			sourceTree = "<group>";
		};
		9A011C241960080900971EEA /* Cells */ = {
			isa = PBXGroup;
			children = (
				9A011C251960081E00971EEA /* KittenCell.h */,
				9A011C261960081E00971EEA /* KittenCell.m */,
			);
			name = Cells;
			sourceTree = "<group>";
		};
		9A011C2819602C0800971EEA /* ZoomTransition */ = {
			isa = PBXGroup;
			children = (
				9A011C2919602C3100971EEA /* ZoomTransition.h */,
				9A011C2A19602C3100971EEA /* ZoomTransition.m */,
			);
			name = ZoomTransition;
			sourceTree = "<group>";
		};
		9A7B9C74195FFB17007F2011 = {
			isa = PBXGroup;
			children = (
				9A011C2819602C0800971EEA /* ZoomTransition */,
				9A7B9C86195FFB17007F2011 /* CollectionViewZoomSegueExample */,
				9A7B9C9F195FFB17007F2011 /* Tests */,
				9A7B9C7E195FFB17007F2011 /* Products */,
				B1BA056B78444562AEDC8406 /* Pods-CollectionViewZoomSegueExample.xcconfig */,
				CD6EE5ABA1CD4222A167F59A /* Frameworks */,
			);
			sourceTree = "<group>";
		};
		9A7B9C7E195FFB17007F2011 /* Products */ = {
			isa = PBXGroup;
			children = (
				9A7B9C7D195FFB17007F2011 /* CollectionViewZoomSegueExample.app */,
				9A7B9C98195FFB17007F2011 /* CollectionViewZoomSegueExampleTests.xctest */,
			);
			name = Products;
			sourceTree = "<group>";
		};
		9A7B9C86195FFB17007F2011 /* CollectionViewZoomSegueExample */ = {
			isa = PBXGroup;
			children = (
				9A011C1D1960048900971EEA /* KittenControllers */,
				9A011C1A196002A800971EEA /* Interface */,
				9A7B9C8F195FFB17007F2011 /* AppDelegate.h */,
				9A7B9C90195FFB17007F2011 /* AppDelegate.m */,
				9A7B9C92195FFB17007F2011 /* Images.xcassets */,
				9A7B9C87195FFB17007F2011 /* Supporting Files */,
			);
			path = CollectionViewZoomSegueExample;
			sourceTree = "<group>";
		};
		9A7B9C87195FFB17007F2011 /* Supporting Files */ = {
			isa = PBXGroup;
			children = (
				9A7B9C88195FFB17007F2011 /* CollectionViewZoomSegueExample-Info.plist */,
				9A7B9C89195FFB17007F2011 /* InfoPlist.strings */,
				9A7B9C8C195FFB17007F2011 /* main.m */,
				9A7B9C8E195FFB17007F2011 /* CollectionViewZoomSegueExample-Prefix.pch */,
			);
			name = "Supporting Files";
			sourceTree = "<group>";
		};
		9A7B9C9F195FFB17007F2011 /* Tests */ = {
			isa = PBXGroup;
			children = (
				9A7B9CA0195FFB17007F2011 /* Supporting Files */,
			);
			name = Tests;
			path = CollectionViewZoomSegueExampleTests;
			sourceTree = "<group>";
		};
		9A7B9CA0195FFB17007F2011 /* Supporting Files */ = {
			isa = PBXGroup;
			children = (
				9A7B9CA1195FFB17007F2011 /* CollectionViewZoomSegueExampleTests-Info.plist */,
				9A7B9CA2195FFB17007F2011 /* InfoPlist.strings */,
			);
			name = "Supporting Files";
			sourceTree = "<group>";
		};
		CD6EE5ABA1CD4222A167F59A /* Frameworks */ = {
			isa = PBXGroup;
			children = (
				171CEAF8D5B44E1C9C0DC2CA /* libPods-CollectionViewZoomSegueExample.a */,
			);
			name = Frameworks;
			sourceTree = "<group>";
		};
/* End PBXGroup section */

/* Begin PBXNativeTarget section */
		9A7B9C7C195FFB17007F2011 /* CollectionViewZoomSegueExample */ = {
			isa = PBXNativeTarget;
			buildConfigurationList = 9A7B9CA9195FFB17007F2011 /* Build configuration list for PBXNativeTarget "CollectionViewZoomSegueExample" */;
			buildPhases = (
				D5C0D2A2235145A29B6AAACD /* Check Pods Manifest.lock */,
				9A7B9C79195FFB17007F2011 /* Sources */,
				9A7B9C7A195FFB17007F2011 /* Frameworks */,
				9A7B9C7B195FFB17007F2011 /* Resources */,
				761078D6423B4D0A9B6DB28C /* Copy Pods Resources */,
			);
			buildRules = (
			);
			dependencies = (
			);
			name = CollectionViewZoomSegueExample;
			productName = CollectionViewZoomSegueExample;
			productReference = 9A7B9C7D195FFB17007F2011 /* CollectionViewZoomSegueExample.app */;
			productType = "com.apple.product-type.application";
		};
		9A7B9C97195FFB17007F2011 /* Tests */ = {
			isa = PBXNativeTarget;
			buildConfigurationList = 9A7B9CAC195FFB17007F2011 /* Build configuration list for PBXNativeTarget "Tests" */;
			buildPhases = (
				9A7B9C94195FFB17007F2011 /* Sources */,
				9A7B9C95195FFB17007F2011 /* Frameworks */,
				9A7B9C96195FFB17007F2011 /* Resources */,
			);
			buildRules = (
			);
			dependencies = (
				9A7B9C9E195FFB17007F2011 /* PBXTargetDependency */,
			);
			name = Tests;
			productName = CollectionViewZoomSegueExampleTests;
			productReference = 9A7B9C98195FFB17007F2011 /* CollectionViewZoomSegueExampleTests.xctest */;
			productType = "com.apple.product-type.bundle.unit-test";
		};
/* End PBXNativeTarget section */

/* Begin PBXProject section */
		9A7B9C75195FFB17007F2011 /* Project object */ = {
			isa = PBXProject;
			attributes = {
				LastUpgradeCheck = 0510;
				ORGANIZATIONNAME = "Denys Telezhkin";
				TargetAttributes = {
					9A7B9C97195FFB17007F2011 = {
						TestTargetID = 9A7B9C7C195FFB17007F2011;
					};
				};
			};
			buildConfigurationList = 9A7B9C78195FFB17007F2011 /* Build configuration list for PBXProject "CollectionViewZoomSegueExample" */;
			compatibilityVersion = "Xcode 3.2";
			developmentRegion = English;
			hasScannedForEncodings = 0;
			knownRegions = (
				en,
			);
			mainGroup = 9A7B9C74195FFB17007F2011;
			productRefGroup = 9A7B9C7E195FFB17007F2011 /* Products */;
			projectDirPath = "";
			projectRoot = "";
			targets = (
				9A7B9C7C195FFB17007F2011 /* CollectionViewZoomSegueExample */,
				9A7B9C97195FFB17007F2011 /* Tests */,
			);
		};
/* End PBXProject section */

/* Begin PBXResourcesBuildPhase section */
		9A7B9C7B195FFB17007F2011 /* Resources */ = {
			isa = PBXResourcesBuildPhase;
			buildActionMask = 2147483647;
			files = (
				9A7B9C8B195FFB17007F2011 /* InfoPlist.strings in Resources */,
				9A7B9C93195FFB17007F2011 /* Images.xcassets in Resources */,
				9A011C1C196002BF00971EEA /* Storyboard.storyboard in Resources */,
			);
			runOnlyForDeploymentPostprocessing = 0;
		};
		9A7B9C96195FFB17007F2011 /* Resources */ = {
			isa = PBXResourcesBuildPhase;
			buildActionMask = 2147483647;
			files = (
				9A7B9CA4195FFB17007F2011 /* InfoPlist.strings in Resources */,
			);
			runOnlyForDeploymentPostprocessing = 0;
		};
/* End PBXResourcesBuildPhase section */

/* Begin PBXShellScriptBuildPhase section */
		761078D6423B4D0A9B6DB28C /* Copy Pods Resources */ = {
			isa = PBXShellScriptBuildPhase;
			buildActionMask = 2147483647;
			files = (
			);
			inputPaths = (
			);
			name = "Copy Pods Resources";
			outputPaths = (
			);
			runOnlyForDeploymentPostprocessing = 0;
			shellPath = /bin/sh;
			shellScript = "\"${SRCROOT}/Pods/Pods-CollectionViewZoomSegueExample-resources.sh\"\n";
			showEnvVarsInLog = 0;
		};
		D5C0D2A2235145A29B6AAACD /* Check Pods Manifest.lock */ = {
			isa = PBXShellScriptBuildPhase;
			buildActionMask = 2147483647;
			files = (
			);
			inputPaths = (
			);
			name = "Check Pods Manifest.lock";
			outputPaths = (
			);
			runOnlyForDeploymentPostprocessing = 0;
			shellPath = /bin/sh;
			shellScript = "diff \"${PODS_ROOT}/../Podfile.lock\" \"${PODS_ROOT}/Manifest.lock\" > /dev/null\nif [[ $? != 0 ]] ; then\n    cat << EOM\nerror: The sandbox is not in sync with the Podfile.lock. Run 'pod install' or update your CocoaPods installation.\nEOM\n    exit 1\nfi\n";
			showEnvVarsInLog = 0;
		};
/* End PBXShellScriptBuildPhase section */

/* Begin PBXSourcesBuildPhase section */
		9A7B9C79195FFB17007F2011 /* Sources */ = {
			isa = PBXSourcesBuildPhase;
			buildActionMask = 2147483647;
			files = (
				9A011C23196004EC00971EEA /* KittenDetailViewController.m in Sources */,
				9A011C20196004B500971EEA /* KittenCollectionViewController.m in Sources */,
				9A7B9C91195FFB17007F2011 /* AppDelegate.m in Sources */,
				9A011C2B19602C3100971EEA /* ZoomTransition.m in Sources */,
				9A7B9C8D195FFB17007F2011 /* main.m in Sources */,
				9A011C271960081E00971EEA /* KittenCell.m in Sources */,
			);
			runOnlyForDeploymentPostprocessing = 0;
		};
		9A7B9C94195FFB17007F2011 /* Sources */ = {
			isa = PBXSourcesBuildPhase;
			buildActionMask = 2147483647;
			files = (
			);
			runOnlyForDeploymentPostprocessing = 0;
		};
/* End PBXSourcesBuildPhase section */

/* Begin PBXTargetDependency section */
		9A7B9C9E195FFB17007F2011 /* PBXTargetDependency */ = {
			isa = PBXTargetDependency;
			target = 9A7B9C7C195FFB17007F2011 /* CollectionViewZoomSegueExample */;
			targetProxy = 9A7B9C9D195FFB17007F2011 /* PBXContainerItemProxy */;
		};
/* End PBXTargetDependency section */

/* Begin PBXVariantGroup section */
		9A7B9C89195FFB17007F2011 /* InfoPlist.strings */ = {
			isa = PBXVariantGroup;
			children = (
				9A7B9C8A195FFB17007F2011 /* en */,
			);
			name = InfoPlist.strings;
			sourceTree = "<group>";
		};
		9A7B9CA2195FFB17007F2011 /* InfoPlist.strings */ = {
			isa = PBXVariantGroup;
			children = (
				9A7B9CA3195FFB17007F2011 /* en */,
			);
			name = InfoPlist.strings;
			sourceTree = "<group>";
		};
/* End PBXVariantGroup section */

/* Begin XCBuildConfiguration section */
		9A7B9CA7195FFB17007F2011 /* Debug */ = {
			isa = XCBuildConfiguration;
			buildSettings = {
				ALWAYS_SEARCH_USER_PATHS = NO;
				CLANG_CXX_LANGUAGE_STANDARD = "gnu++0x";
				CLANG_CXX_LIBRARY = "libc++";
				CLANG_ENABLE_MODULES = YES;
				CLANG_ENABLE_OBJC_ARC = YES;
				CLANG_WARN_BOOL_CONVERSION = YES;
				CLANG_WARN_CONSTANT_CONVERSION = YES;
				CLANG_WARN_DIRECT_OBJC_ISA_USAGE = YES_ERROR;
				CLANG_WARN_EMPTY_BODY = YES;
				CLANG_WARN_ENUM_CONVERSION = YES;
				CLANG_WARN_INT_CONVERSION = YES;
				CLANG_WARN_OBJC_ROOT_CLASS = YES_ERROR;
				CLANG_WARN__DUPLICATE_METHOD_MATCH = YES;
				"CODE_SIGN_IDENTITY[sdk=iphoneos*]" = "iPhone Developer";
				COPY_PHASE_STRIP = NO;
				GCC_C_LANGUAGE_STANDARD = gnu99;
				GCC_DYNAMIC_NO_PIC = NO;
				GCC_OPTIMIZATION_LEVEL = 0;
				GCC_PREPROCESSOR_DEFINITIONS = (
					"DEBUG=1",
					"$(inherited)",
				);
				GCC_SYMBOLS_PRIVATE_EXTERN = NO;
				GCC_WARN_64_TO_32_BIT_CONVERSION = YES;
				GCC_WARN_ABOUT_RETURN_TYPE = YES_ERROR;
				GCC_WARN_UNDECLARED_SELECTOR = YES;
				GCC_WARN_UNINITIALIZED_AUTOS = YES_AGGRESSIVE;
				GCC_WARN_UNUSED_FUNCTION = YES;
				GCC_WARN_UNUSED_VARIABLE = YES;
				IPHONEOS_DEPLOYMENT_TARGET = 7.1;
				ONLY_ACTIVE_ARCH = YES;
				SDKROOT = iphoneos;
				TARGETED_DEVICE_FAMILY = "1,2";
			};
			name = Debug;
		};
		9A7B9CA8195FFB17007F2011 /* Release */ = {
			isa = XCBuildConfiguration;
			buildSettings = {
				ALWAYS_SEARCH_USER_PATHS = NO;
				CLANG_CXX_LANGUAGE_STANDARD = "gnu++0x";
				CLANG_CXX_LIBRARY = "libc++";
				CLANG_ENABLE_MODULES = YES;
				CLANG_ENABLE_OBJC_ARC = YES;
				CLANG_WARN_BOOL_CONVERSION = YES;
				CLANG_WARN_CONSTANT_CONVERSION = YES;
				CLANG_WARN_DIRECT_OBJC_ISA_USAGE = YES_ERROR;
				CLANG_WARN_EMPTY_BODY = YES;
				CLANG_WARN_ENUM_CONVERSION = YES;
				CLANG_WARN_INT_CONVERSION = YES;
				CLANG_WARN_OBJC_ROOT_CLASS = YES_ERROR;
				CLANG_WARN__DUPLICATE_METHOD_MATCH = YES;
				"CODE_SIGN_IDENTITY[sdk=iphoneos*]" = "iPhone Developer";
				COPY_PHASE_STRIP = YES;
				ENABLE_NS_ASSERTIONS = NO;
				GCC_C_LANGUAGE_STANDARD = gnu99;
				GCC_WARN_64_TO_32_BIT_CONVERSION = YES;
				GCC_WARN_ABOUT_RETURN_TYPE = YES_ERROR;
				GCC_WARN_UNDECLARED_SELECTOR = YES;
				GCC_WARN_UNINITIALIZED_AUTOS = YES_AGGRESSIVE;
				GCC_WARN_UNUSED_FUNCTION = YES;
				GCC_WARN_UNUSED_VARIABLE = YES;
				IPHONEOS_DEPLOYMENT_TARGET = 7.1;
				SDKROOT = iphoneos;
				TARGETED_DEVICE_FAMILY = "1,2";
				VALIDATE_PRODUCT = YES;
			};
			name = Release;
		};
		9A7B9CAA195FFB17007F2011 /* Debug */ = {
			isa = XCBuildConfiguration;
			baseConfigurationReference = B1BA056B78444562AEDC8406 /* Pods-CollectionViewZoomSegueExample.xcconfig */;
			buildSettings = {
				ASSETCATALOG_COMPILER_APPICON_NAME = AppIcon;
				ASSETCATALOG_COMPILER_LAUNCHIMAGE_NAME = LaunchImage;
				GCC_PRECOMPILE_PREFIX_HEADER = YES;
				GCC_PREFIX_HEADER = "CollectionViewZoomSegueExample/CollectionViewZoomSegueExample-Prefix.pch";
				INFOPLIST_FILE = "CollectionViewZoomSegueExample/CollectionViewZoomSegueExample-Info.plist";
				PRODUCT_NAME = "$(TARGET_NAME)";
				WRAPPER_EXTENSION = app;
			};
			name = Debug;
		};
		9A7B9CAB195FFB17007F2011 /* Release */ = {
			isa = XCBuildConfiguration;
			baseConfigurationReference = B1BA056B78444562AEDC8406 /* Pods-CollectionViewZoomSegueExample.xcconfig */;
			buildSettings = {
				ASSETCATALOG_COMPILER_APPICON_NAME = AppIcon;
				ASSETCATALOG_COMPILER_LAUNCHIMAGE_NAME = LaunchImage;
				GCC_PRECOMPILE_PREFIX_HEADER = YES;
				GCC_PREFIX_HEADER = "CollectionViewZoomSegueExample/CollectionViewZoomSegueExample-Prefix.pch";
				INFOPLIST_FILE = "CollectionViewZoomSegueExample/CollectionViewZoomSegueExample-Info.plist";
				PRODUCT_NAME = "$(TARGET_NAME)";
				WRAPPER_EXTENSION = app;
			};
			name = Release;
		};
		9A7B9CAD195FFB17007F2011 /* Debug */ = {
			isa = XCBuildConfiguration;
			buildSettings = {
				BUNDLE_LOADER = "$(BUILT_PRODUCTS_DIR)/CollectionViewZoomSegueExample.app/CollectionViewZoomSegueExample";
				FRAMEWORK_SEARCH_PATHS = (
					"$(SDKROOT)/Developer/Library/Frameworks",
					"$(inherited)",
					"$(DEVELOPER_FRAMEWORKS_DIR)",
				);
				GCC_PRECOMPILE_PREFIX_HEADER = YES;
				GCC_PREFIX_HEADER = "CollectionViewZoomSegueExample/CollectionViewZoomSegueExample-Prefix.pch";
				GCC_PREPROCESSOR_DEFINITIONS = (
					"DEBUG=1",
					"$(inherited)",
				);
				INFOPLIST_FILE = "CollectionViewZoomSegueExampleTests/CollectionViewZoomSegueExampleTests-Info.plist";
				PRODUCT_NAME = "$(TARGET_NAME)";
				TEST_HOST = "$(BUNDLE_LOADER)";
				WRAPPER_EXTENSION = xctest;
			};
			name = Debug;
		};
		9A7B9CAE195FFB17007F2011 /* Release */ = {
			isa = XCBuildConfiguration;
			buildSettings = {
				BUNDLE_LOADER = "$(BUILT_PRODUCTS_DIR)/CollectionViewZoomSegueExample.app/CollectionViewZoomSegueExample";
				FRAMEWORK_SEARCH_PATHS = (
					"$(SDKROOT)/Developer/Library/Frameworks",
					"$(inherited)",
					"$(DEVELOPER_FRAMEWORKS_DIR)",
				);
				GCC_PRECOMPILE_PREFIX_HEADER = YES;
				GCC_PREFIX_HEADER = "CollectionViewZoomSegueExample/CollectionViewZoomSegueExample-Prefix.pch";
				INFOPLIST_FILE = "CollectionViewZoomSegueExampleTests/CollectionViewZoomSegueExampleTests-Info.plist";
				PRODUCT_NAME = "$(TARGET_NAME)";
				TEST_HOST = "$(BUNDLE_LOADER)";
				WRAPPER_EXTENSION = xctest;
			};
			name = Release;
		};
/* End XCBuildConfiguration section */

/* Begin XCConfigurationList section */
		9A7B9C78195FFB17007F2011 /* Build configuration list for PBXProject "CollectionViewZoomSegueExample" */ = {
			isa = XCConfigurationList;
			buildConfigurations = (
				9A7B9CA7195FFB17007F2011 /* Debug */,
				9A7B9CA8195FFB17007F2011 /* Release */,
			);
			defaultConfigurationIsVisible = 0;
			defaultConfigurationName = Release;
		};
		9A7B9CA9195FFB17007F2011 /* Build configuration list for PBXNativeTarget "CollectionViewZoomSegueExample" */ = {
			isa = XCConfigurationList;
			buildConfigurations = (
				9A7B9CAA195FFB17007F2011 /* Debug */,
				9A7B9CAB195FFB17007F2011 /* Release */,
			);
			defaultConfigurationIsVisible = 0;
			defaultConfigurationName = Release;
		};
		9A7B9CAC195FFB17007F2011 /* Build configuration list for PBXNativeTarget "Tests" */ = {
			isa = XCConfigurationList;
			buildConfigurations = (
				9A7B9CAD195FFB17007F2011 /* Debug */,
				9A7B9CAE195FFB17007F2011 /* Release */,
			);
			defaultConfigurationIsVisible = 0;
			defaultConfigurationName = Release;
		};
/* End XCConfigurationList section */
	};
	rootObject = 9A7B9C75195FFB17007F2011 /* Project object */;
}
