// !$*UTF8*$!
{
	archiveVersion = 1;
	classes = {
	};
	objectVersion = 46;
	objects = {

/* Begin PBXBuildFile section */
		0FB789FD857C453BBC33FFEB /* libPods-ZoomSegueExample.a in Frameworks */ = {isa = PBXBuildFile; fileRef = 67E70F607D0246238DB12795 /* libPods-ZoomSegueExample.a */; };
		9A9D7BFD1961EDFF00BA98BC /* AppDelegate.m in Sources */ = {isa = PBXBuildFile; fileRef = 9A9D7BFC1961EDFF00BA98BC /* AppDelegate.m */; };
		9A9D7BFF1961EE0900BA98BC /* Images.xcassets in Resources */ = {isa = PBXBuildFile; fileRef = 9A9D7BFE1961EE0900BA98BC /* Images.xcassets */; };
		9A9D7C021961EE1C00BA98BC /* KittenCell.m in Sources */ = {isa = PBXBuildFile; fileRef = 9A9D7C011961EE1C00BA98BC /* KittenCell.m */; };
		9A9D7C071961EE2800BA98BC /* KittenCollectionViewController.m in Sources */ = {isa = PBXBuildFile; fileRef = 9A9D7C041961EE2800BA98BC /* KittenCollectionViewController.m */; };
		9A9D7C081961EE2800BA98BC /* KittenDetailViewController.m in Sources */ = {isa = PBXBuildFile; fileRef = 9A9D7C061961EE2800BA98BC /* KittenDetailViewController.m */; };
		9A9D7C0A1961EE3100BA98BC /* Storyboard.storyboard in Resources */ = {isa = PBXBuildFile; fileRef = 9A9D7C091961EE3100BA98BC /* Storyboard.storyboard */; };
		9A9D7C0F1961EE4E00BA98BC /* main.m in Sources */ = {isa = PBXBuildFile; fileRef = 9A9D7C0E1961EE4E00BA98BC /* main.m */; };
		9A9D7C121961EE6B00BA98BC /* InfoPlist.strings in Resources */ = {isa = PBXBuildFile; fileRef = 9A9D7C101961EE6B00BA98BC /* InfoPlist.strings */; };
		9A9D7C151961EF1100BA98BC /* ZoomTransition.m in Sources */ = {isa = PBXBuildFile; fileRef = 9A9D7C141961EF1100BA98BC /* ZoomTransition.m */; };
/* End PBXBuildFile section */

/* Begin PBXFileReference section */
		58E2439A28B9484A8AABF302 /* Pods-ZoomSegueExample.xcconfig */ = {isa = PBXFileReference; includeInIndex = 1; lastKnownFileType = text.xcconfig; name = "Pods-ZoomSegueExample.xcconfig"; path = "Pods/Pods-ZoomSegueExample.xcconfig"; sourceTree = "<group>"; };
		67E70F607D0246238DB12795 /* libPods-ZoomSegueExample.a */ = {isa = PBXFileReference; explicitFileType = archive.ar; includeInIndex = 0; path = "libPods-ZoomSegueExample.a"; sourceTree = BUILT_PRODUCTS_DIR; };
		9A7B9C7D195FFB17007F2011 /* ZoomSegueExample.app */ = {isa = PBXFileReference; explicitFileType = wrapper.application; includeInIndex = 0; path = ZoomSegueExample.app; sourceTree = BUILT_PRODUCTS_DIR; };
		9A9D7BFB1961EDFF00BA98BC /* AppDelegate.h */ = {isa = PBXFileReference; fileEncoding = 4; lastKnownFileType = sourcecode.c.h; name = AppDelegate.h; path = ZoomSegueExample/AppDelegate.h; sourceTree = SOURCE_ROOT; };
		9A9D7BFC1961EDFF00BA98BC /* AppDelegate.m */ = {isa = PBXFileReference; fileEncoding = 4; lastKnownFileType = sourcecode.c.objc; name = AppDelegate.m; path = ZoomSegueExample/AppDelegate.m; sourceTree = SOURCE_ROOT; };
		9A9D7BFE1961EE0900BA98BC /* Images.xcassets */ = {isa = PBXFileReference; lastKnownFileType = folder.assetcatalog; name = Images.xcassets; path = ZoomSegueExample/Images.xcassets; sourceTree = SOURCE_ROOT; };
		9A9D7C001961EE1C00BA98BC /* KittenCell.h */ = {isa = PBXFileReference; fileEncoding = 4; lastKnownFileType = sourcecode.c.h; name = KittenCell.h; path = ZoomSegueExample/Cells/KittenCell.h; sourceTree = SOURCE_ROOT; };
		9A9D7C011961EE1C00BA98BC /* KittenCell.m */ = {isa = PBXFileReference; fileEncoding = 4; lastKnownFileType = sourcecode.c.objc; name = KittenCell.m; path = ZoomSegueExample/Cells/KittenCell.m; sourceTree = SOURCE_ROOT; };
		9A9D7C031961EE2800BA98BC /* KittenCollectionViewController.h */ = {isa = PBXFileReference; fileEncoding = 4; lastKnownFileType = sourcecode.c.h; name = KittenCollectionViewController.h; path = ZoomSegueExample/Controllers/KittenCollectionViewController.h; sourceTree = SOURCE_ROOT; };
		9A9D7C041961EE2800BA98BC /* KittenCollectionViewController.m */ = {isa = PBXFileReference; fileEncoding = 4; lastKnownFileType = sourcecode.c.objc; name = KittenCollectionViewController.m; path = ZoomSegueExample/Controllers/KittenCollectionViewController.m; sourceTree = SOURCE_ROOT; };
		9A9D7C051961EE2800BA98BC /* KittenDetailViewController.h */ = {isa = PBXFileReference; fileEncoding = 4; lastKnownFileType = sourcecode.c.h; name = KittenDetailViewController.h; path = ZoomSegueExample/Controllers/KittenDetailViewController.h; sourceTree = SOURCE_ROOT; };
		9A9D7C061961EE2800BA98BC /* KittenDetailViewController.m */ = {isa = PBXFileReference; fileEncoding = 4; lastKnownFileType = sourcecode.c.objc; name = KittenDetailViewController.m; path = ZoomSegueExample/Controllers/KittenDetailViewController.m; sourceTree = SOURCE_ROOT; };
		9A9D7C091961EE3100BA98BC /* Storyboard.storyboard */ = {isa = PBXFileReference; fileEncoding = 4; lastKnownFileType = file.storyboard; name = Storyboard.storyboard; path = ZoomSegueExample/Storyboard.storyboard; sourceTree = SOURCE_ROOT; };
		9A9D7C0B1961EE4800BA98BC /* Example.pch */ = {isa = PBXFileReference; fileEncoding = 4; lastKnownFileType = sourcecode.c.h; name = Example.pch; path = ZoomSegueExample/Example.pch; sourceTree = SOURCE_ROOT; };
		9A9D7C0C1961EE4800BA98BC /* Example.plist */ = {isa = PBXFileReference; fileEncoding = 4; lastKnownFileType = text.plist.xml; name = Example.plist; path = ZoomSegueExample/Example.plist; sourceTree = SOURCE_ROOT; };
		9A9D7C0E1961EE4E00BA98BC /* main.m */ = {isa = PBXFileReference; fileEncoding = 4; lastKnownFileType = sourcecode.c.objc; name = main.m; path = ZoomSegueExample/main.m; sourceTree = SOURCE_ROOT; };
		9A9D7C111961EE6B00BA98BC /* en */ = {isa = PBXFileReference; lastKnownFileType = text.plist.strings; name = en; path = ZoomSegueExample/en.lproj/InfoPlist.strings; sourceTree = SOURCE_ROOT; };
		9A9D7C131961EF1100BA98BC /* ZoomTransition.h */ = {isa = PBXFileReference; fileEncoding = 4; lastKnownFileType = sourcecode.c.h; name = ZoomTransition.h; path = ../ZoomTransition/ZoomTransition.h; sourceTree = "<group>"; };
		9A9D7C141961EF1100BA98BC /* ZoomTransition.m */ = {isa = PBXFileReference; fileEncoding = 4; lastKnownFileType = sourcecode.c.objc; name = ZoomTransition.m; path = ../ZoomTransition/ZoomTransition.m; sourceTree = "<group>"; };
/* End PBXFileReference section */

/* Begin PBXFrameworksBuildPhase section */
		9A7B9C7A195FFB17007F2011 /* Frameworks */ = {
			isa = PBXFrameworksBuildPhase;
			buildActionMask = 2147483647;
			files = (
				0FB789FD857C453BBC33FFEB /* libPods-ZoomSegueExample.a in Frameworks */,
			);
			runOnlyForDeploymentPostprocessing = 0;
		};
/* End PBXFrameworksBuildPhase section */

/* Begin PBXGroup section */
		9A011C1A196002A800971EEA /* Interface */ = {
			isa = PBXGroup;
			children = (
				9A9D7C091961EE3100BA98BC /* Storyboard.storyboard */,
			);
			name = Interface;
			sourceTree = "<group>";
		};
		9A011C1D1960048900971EEA /* KittenControllers */ = {
			isa = PBXGroup;
			children = (
				9A011C241960080900971EEA /* Cells */,
				9A9D7C031961EE2800BA98BC /* KittenCollectionViewController.h */,
				9A9D7C041961EE2800BA98BC /* KittenCollectionViewController.m */,
				9A9D7C051961EE2800BA98BC /* KittenDetailViewController.h */,
				9A9D7C061961EE2800BA98BC /* KittenDetailViewController.m */,
			);
			name = KittenControllers;
			sourceTree = "<group>";
		};
		9A011C241960080900971EEA /* Cells */ = {
			isa = PBXGroup;
			children = (
				9A9D7C001961EE1C00BA98BC /* KittenCell.h */,
				9A9D7C011961EE1C00BA98BC /* KittenCell.m */,
			);
			name = Cells;
			sourceTree = "<group>";
		};
		9A011C2819602C0800971EEA /* ZoomTransition */ = {
			isa = PBXGroup;
			children = (
				9A9D7C131961EF1100BA98BC /* ZoomTransition.h */,
				9A9D7C141961EF1100BA98BC /* ZoomTransition.m */,
			);
			name = ZoomTransition;
			sourceTree = "<group>";
		};
		9A7B9C74195FFB17007F2011 = {
			isa = PBXGroup;
			children = (
				9A011C2819602C0800971EEA /* ZoomTransition */,
				9A7B9C86195FFB17007F2011 /* Example */,
				9A7B9C7E195FFB17007F2011 /* Products */,
				CD6EE5ABA1CD4222A167F59A /* Frameworks */,
				58E2439A28B9484A8AABF302 /* Pods-ZoomSegueExample.xcconfig */,
			);
			sourceTree = "<group>";
		};
		9A7B9C7E195FFB17007F2011 /* Products */ = {
			isa = PBXGroup;
			children = (
				9A7B9C7D195FFB17007F2011 /* ZoomSegueExample.app */,
			);
			name = Products;
			sourceTree = "<group>";
		};
		9A7B9C86195FFB17007F2011 /* Example */ = {
			isa = PBXGroup;
			children = (
				9A011C1D1960048900971EEA /* KittenControllers */,
				9A011C1A196002A800971EEA /* Interface */,
				9A9D7BFB1961EDFF00BA98BC /* AppDelegate.h */,
				9A9D7BFC1961EDFF00BA98BC /* AppDelegate.m */,
				9A9D7BFE1961EE0900BA98BC /* Images.xcassets */,
				9A7B9C87195FFB17007F2011 /* Supporting Files */,
			);
			name = Example;
			path = CollectionViewZoomSegueExample;
			sourceTree = "<group>";
		};
		9A7B9C87195FFB17007F2011 /* Supporting Files */ = {
			isa = PBXGroup;
			children = (
				9A9D7C101961EE6B00BA98BC /* InfoPlist.strings */,
				9A9D7C0E1961EE4E00BA98BC /* main.m */,
				9A9D7C0B1961EE4800BA98BC /* Example.pch */,
				9A9D7C0C1961EE4800BA98BC /* Example.plist */,
			);
			name = "Supporting Files";
			sourceTree = "<group>";
		};
		CD6EE5ABA1CD4222A167F59A /* Frameworks */ = {
			isa = PBXGroup;
			children = (
				67E70F607D0246238DB12795 /* libPods-ZoomSegueExample.a */,
			);
			name = Frameworks;
			sourceTree = "<group>";
		};
/* End PBXGroup section */

/* Begin PBXNativeTarget section */
		9A7B9C7C195FFB17007F2011 /* ZoomSegueExample */ = {
			isa = PBXNativeTarget;
			buildConfigurationList = 9A7B9CA9195FFB17007F2011 /* Build configuration list for PBXNativeTarget "ZoomSegueExample" */;
			buildPhases = (
				15F0CD0A1F6F41E0BF70CBC4 /* Check Pods Manifest.lock */,
				9A7B9C79195FFB17007F2011 /* Sources */,
				9A7B9C7A195FFB17007F2011 /* Frameworks */,
				9A7B9C7B195FFB17007F2011 /* Resources */,
				D9C6C6AB751F47B2B65EA71B /* Copy Pods Resources */,
			);
			buildRules = (
			);
			dependencies = (
			);
			name = ZoomSegueExample;
			productName = CollectionViewZoomSegueExample;
			productReference = 9A7B9C7D195FFB17007F2011 /* ZoomSegueExample.app */;
			productType = "com.apple.product-type.application";
		};
/* End PBXNativeTarget section */

/* Begin PBXProject section */
		9A7B9C75195FFB17007F2011 /* Project object */ = {
			isa = PBXProject;
			attributes = {
				LastUpgradeCheck = 0510;
				ORGANIZATIONNAME = "Denys Telezhkin";
			};
			buildConfigurationList = 9A7B9C78195FFB17007F2011 /* Build configuration list for PBXProject "ZoomSegueExample" */;
			compatibilityVersion = "Xcode 3.2";
			developmentRegion = English;
			hasScannedForEncodings = 0;
			knownRegions = (
				en,
			);
			mainGroup = 9A7B9C74195FFB17007F2011;
			productRefGroup = 9A7B9C7E195FFB17007F2011 /* Products */;
			projectDirPath = "";
			projectRoot = "";
			targets = (
				9A7B9C7C195FFB17007F2011 /* ZoomSegueExample */,
			);
		};
/* End PBXProject section */

/* Begin PBXResourcesBuildPhase section */
		9A7B9C7B195FFB17007F2011 /* Resources */ = {
			isa = PBXResourcesBuildPhase;
			buildActionMask = 2147483647;
			files = (
				9A9D7C0A1961EE3100BA98BC /* Storyboard.storyboard in Resources */,
				9A9D7C121961EE6B00BA98BC /* InfoPlist.strings in Resources */,
				9A9D7BFF1961EE0900BA98BC /* Images.xcassets in Resources */,
			);
			runOnlyForDeploymentPostprocessing = 0;
		};
/* End PBXResourcesBuildPhase section */

/* Begin PBXShellScriptBuildPhase section */
		15F0CD0A1F6F41E0BF70CBC4 /* Check Pods Manifest.lock */ = {
			isa = PBXShellScriptBuildPhase;
			buildActionMask = 2147483647;
			files = (
			);
			inputPaths = (
			);
			name = "Check Pods Manifest.lock";
			outputPaths = (
			);
			runOnlyForDeploymentPostprocessing = 0;
			shellPath = /bin/sh;
			shellScript = "diff \"${PODS_ROOT}/../Podfile.lock\" \"${PODS_ROOT}/Manifest.lock\" > /dev/null\nif [[ $? != 0 ]] ; then\n    cat << EOM\nerror: The sandbox is not in sync with the Podfile.lock. Run 'pod install' or update your CocoaPods installation.\nEOM\n    exit 1\nfi\n";
			showEnvVarsInLog = 0;
		};
		D9C6C6AB751F47B2B65EA71B /* Copy Pods Resources */ = {
			isa = PBXShellScriptBuildPhase;
			buildActionMask = 2147483647;
			files = (
			);
			inputPaths = (
			);
			name = "Copy Pods Resources";
			outputPaths = (
			);
			runOnlyForDeploymentPostprocessing = 0;
			shellPath = /bin/sh;
			shellScript = "\"${SRCROOT}/Pods/Pods-ZoomSegueExample-resources.sh\"\n";
			showEnvVarsInLog = 0;
		};
/* End PBXShellScriptBuildPhase section */

/* Begin PBXSourcesBuildPhase section */
		9A7B9C79195FFB17007F2011 /* Sources */ = {
			isa = PBXSourcesBuildPhase;
			buildActionMask = 2147483647;
			files = (
				9A9D7C081961EE2800BA98BC /* KittenDetailViewController.m in Sources */,
				9A9D7C071961EE2800BA98BC /* KittenCollectionViewController.m in Sources */,
				9A9D7C021961EE1C00BA98BC /* KittenCell.m in Sources */,
				9A9D7C0F1961EE4E00BA98BC /* main.m in Sources */,
				9A9D7BFD1961EDFF00BA98BC /* AppDelegate.m in Sources */,
				9A9D7C151961EF1100BA98BC /* ZoomTransition.m in Sources */,
			);
			runOnlyForDeploymentPostprocessing = 0;
		};
/* End PBXSourcesBuildPhase section */

/* Begin PBXVariantGroup section */
		9A9D7C101961EE6B00BA98BC /* InfoPlist.strings */ = {
			isa = PBXVariantGroup;
			children = (
				9A9D7C111961EE6B00BA98BC /* en */,
			);
			name = InfoPlist.strings;
			sourceTree = "<group>";
		};
/* End PBXVariantGroup section */

/* Begin XCBuildConfiguration section */
		9A7B9CA7195FFB17007F2011 /* Debug */ = {
			isa = XCBuildConfiguration;
			buildSettings = {
				ALWAYS_SEARCH_USER_PATHS = NO;
				CLANG_CXX_LANGUAGE_STANDARD = "gnu++0x";
				CLANG_CXX_LIBRARY = "libc++";
				CLANG_ENABLE_MODULES = YES;
				CLANG_ENABLE_OBJC_ARC = YES;
				CLANG_WARN_BOOL_CONVERSION = YES;
				CLANG_WARN_CONSTANT_CONVERSION = YES;
				CLANG_WARN_DIRECT_OBJC_ISA_USAGE = YES_ERROR;
				CLANG_WARN_EMPTY_BODY = YES;
				CLANG_WARN_ENUM_CONVERSION = YES;
				CLANG_WARN_INT_CONVERSION = YES;
				CLANG_WARN_OBJC_ROOT_CLASS = YES_ERROR;
				CLANG_WARN__DUPLICATE_METHOD_MATCH = YES;
				"CODE_SIGN_IDENTITY[sdk=iphoneos*]" = "iPhone Developer";
				COPY_PHASE_STRIP = NO;
				GCC_C_LANGUAGE_STANDARD = gnu99;
				GCC_DYNAMIC_NO_PIC = NO;
				GCC_OPTIMIZATION_LEVEL = 0;
				GCC_PREPROCESSOR_DEFINITIONS = (
					"DEBUG=1",
					"$(inherited)",
				);
				GCC_SYMBOLS_PRIVATE_EXTERN = NO;
				GCC_WARN_64_TO_32_BIT_CONVERSION = YES;
				GCC_WARN_ABOUT_RETURN_TYPE = YES_ERROR;
				GCC_WARN_UNDECLARED_SELECTOR = YES;
				GCC_WARN_UNINITIALIZED_AUTOS = YES_AGGRESSIVE;
				GCC_WARN_UNUSED_FUNCTION = YES;
				GCC_WARN_UNUSED_VARIABLE = YES;
				IPHONEOS_DEPLOYMENT_TARGET = 7.1;
				ONLY_ACTIVE_ARCH = YES;
				SDKROOT = iphoneos;
				TARGETED_DEVICE_FAMILY = "1,2";
			};
			name = Debug;
		};
		9A7B9CA8195FFB17007F2011 /* Release */ = {
			isa = XCBuildConfiguration;
			buildSettings = {
				ALWAYS_SEARCH_USER_PATHS = NO;
				CLANG_CXX_LANGUAGE_STANDARD = "gnu++0x";
				CLANG_CXX_LIBRARY = "libc++";
				CLANG_ENABLE_MODULES = YES;
				CLANG_ENABLE_OBJC_ARC = YES;
				CLANG_WARN_BOOL_CONVERSION = YES;
				CLANG_WARN_CONSTANT_CONVERSION = YES;
				CLANG_WARN_DIRECT_OBJC_ISA_USAGE = YES_ERROR;
				CLANG_WARN_EMPTY_BODY = YES;
				CLANG_WARN_ENUM_CONVERSION = YES;
				CLANG_WARN_INT_CONVERSION = YES;
				CLANG_WARN_OBJC_ROOT_CLASS = YES_ERROR;
				CLANG_WARN__DUPLICATE_METHOD_MATCH = YES;
				"CODE_SIGN_IDENTITY[sdk=iphoneos*]" = "iPhone Developer";
				COPY_PHASE_STRIP = YES;
				ENABLE_NS_ASSERTIONS = NO;
				GCC_C_LANGUAGE_STANDARD = gnu99;
				GCC_WARN_64_TO_32_BIT_CONVERSION = YES;
				GCC_WARN_ABOUT_RETURN_TYPE = YES_ERROR;
				GCC_WARN_UNDECLARED_SELECTOR = YES;
				GCC_WARN_UNINITIALIZED_AUTOS = YES_AGGRESSIVE;
				GCC_WARN_UNUSED_FUNCTION = YES;
				GCC_WARN_UNUSED_VARIABLE = YES;
				IPHONEOS_DEPLOYMENT_TARGET = 7.1;
				SDKROOT = iphoneos;
				TARGETED_DEVICE_FAMILY = "1,2";
				VALIDATE_PRODUCT = YES;
			};
			name = Release;
		};
		9A7B9CAA195FFB17007F2011 /* Debug */ = {
			isa = XCBuildConfiguration;
			baseConfigurationReference = 58E2439A28B9484A8AABF302 /* Pods-ZoomSegueExample.xcconfig */;
			buildSettings = {
				ASSETCATALOG_COMPILER_APPICON_NAME = AppIcon;
				ASSETCATALOG_COMPILER_LAUNCHIMAGE_NAME = LaunchImage;
				GCC_PRECOMPILE_PREFIX_HEADER = YES;
				GCC_PREFIX_HEADER = ZoomSegueExample/Example.pch;
				INFOPLIST_FILE = ZoomSegueExample/Example.plist;
				PRODUCT_NAME = "$(TARGET_NAME)";
				WRAPPER_EXTENSION = app;
			};
			name = Debug;
		};
		9A7B9CAB195FFB17007F2011 /* Release */ = {
			isa = XCBuildConfiguration;
			baseConfigurationReference = 58E2439A28B9484A8AABF302 /* Pods-ZoomSegueExample.xcconfig */;
			buildSettings = {
				ASSETCATALOG_COMPILER_APPICON_NAME = AppIcon;
				ASSETCATALOG_COMPILER_LAUNCHIMAGE_NAME = LaunchImage;
				GCC_PRECOMPILE_PREFIX_HEADER = YES;
				GCC_PREFIX_HEADER = ZoomSegueExample/Example.pch;
				INFOPLIST_FILE = ZoomSegueExample/Example.plist;
				PRODUCT_NAME = "$(TARGET_NAME)";
				WRAPPER_EXTENSION = app;
			};
			name = Release;
		};
/* End XCBuildConfiguration section */

/* Begin XCConfigurationList section */
		9A7B9C78195FFB17007F2011 /* Build configuration list for PBXProject "ZoomSegueExample" */ = {
			isa = XCConfigurationList;
			buildConfigurations = (
				9A7B9CA7195FFB17007F2011 /* Debug */,
				9A7B9CA8195FFB17007F2011 /* Release */,
			);
			defaultConfigurationIsVisible = 0;
			defaultConfigurationName = Release;
		};
		9A7B9CA9195FFB17007F2011 /* Build configuration list for PBXNativeTarget "ZoomSegueExample" */ = {
			isa = XCConfigurationList;
			buildConfigurations = (
				9A7B9CAA195FFB17007F2011 /* Debug */,
				9A7B9CAB195FFB17007F2011 /* Release */,
			);
			defaultConfigurationIsVisible = 0;
			defaultConfigurationName = Release;
		};
/* End XCConfigurationList section */
	};
	rootObject = 9A7B9C75195FFB17007F2011 /* Project object */;
}
